
Microsoft Visual Studio Solution File, Format Version 12.00
# Visual Studio Version 17
VisualStudioVersion = 17.5.002.0
MinimumVisualStudioVersion = 10.0.40219.1
Project("{9A19103F-16F7-4668-BE54-9A1E7A4F7556}") = "LiteDND", "LiteDND.csproj", "{CABECA26-F24A-4A10-A8AD-1CC6F4F7D006}"
EndProject
Global
	GlobalSection(SolutionConfigurationPlatforms) = preSolution
		Debug|Any CPU = Debug|Any CPU
		Release|Any CPU = Release|Any CPU
	EndGlobalSection
	GlobalSection(ProjectConfigurationPlatforms) = postSolution
		{CABECA26-F24A-4A10-A8AD-1CC6F4F7D006}.Debug|Any CPU.ActiveCfg = Debug|Any CPU
		{CABECA26-F24A-4A10-A8AD-1CC6F4F7D006}.Debug|Any CPU.Build.0 = Debug|Any CPU
		{CABECA26-F24A-4A10-A8AD-1CC6F4F7D006}.Release|Any CPU.ActiveCfg = Release|Any CPU
		{CABECA26-F24A-4A10-A8AD-1CC6F4F7D006}.Release|Any CPU.Build.0 = Release|Any CPU
	EndGlobalSection
	GlobalSection(SolutionProperties) = preSolution
		HideSolutionNode = FALSE
	EndGlobalSection
	GlobalSection(ExtensibilityGlobals) = postSolution
		SolutionGuid = {A003840D-C97A-4859-8FAC-6B652C70CE07}
	EndGlobalSection
EndGlobal
